
Microsoft Visual Studio Solution File, Format Version 12.00
# Visual Studio Version 17
VisualStudioVersion = 17.9.34607.119
MinimumVisualStudioVersion = 10.0.40219.1
Project("{FAE04EC0-301F-11D3-BF4B-00C04F79EFBC}") = "Лаба_3", "Лаба_3\Лаба_3.csproj", "{95E34D08-BA81-4360-BD32-06BA6EBA6761}"
EndProject
Global
	GlobalSection(SolutionConfigurationPlatforms) = preSolution
		Debug|Any CPU = Debug|Any CPU
		Release|Any CPU = Release|Any CPU
	EndGlobalSection
	GlobalSection(ProjectConfigurationPlatforms) = postSolution
		{95E34D08-BA81-4360-BD32-06BA6EBA6761}.Debug|Any CPU.ActiveCfg = Debug|Any CPU
		{95E34D08-BA81-4360-BD32-06BA6EBA6761}.Debug|Any CPU.Build.0 = Debug|Any CPU
		{95E34D08-BA81-4360-BD32-06BA6EBA6761}.Release|Any CPU.ActiveCfg = Release|Any CPU
		{95E34D08-BA81-4360-BD32-06BA6EBA6761}.Release|Any CPU.Build.0 = Release|Any CPU
	EndGlobalSection
	GlobalSection(SolutionProperties) = preSolution
		HideSolutionNode = FALSE
	EndGlobalSection
	GlobalSection(ExtensibilityGlobals) = postSolution
		SolutionGuid = {954ABCF8-D66C-404E-A86D-25B558475338}
	EndGlobalSection
EndGlobal
